// !$*UTF8*$!
{
	archiveVersion = 1;
	classes = {
	};
	objectVersion = 55;
	objects = {

/* Begin PBXBuildFile section */
		844F0E67276072DA00F26697 /* AppDelegate.swift in Sources */ = {isa = PBXBuildFile; fileRef = 844F0E66276072DA00F26697 /* AppDelegate.swift */; };
		844F0E69276072DA00F26697 /* SceneDelegate.swift in Sources */ = {isa = PBXBuildFile; fileRef = 844F0E68276072DA00F26697 /* SceneDelegate.swift */; };
		844F0E6B276072DA00F26697 /* ViewController.swift in Sources */ = {isa = PBXBuildFile; fileRef = 844F0E6A276072DA00F26697 /* ViewController.swift */; };
		844F0E6E276072DA00F26697 /* Main.storyboard in Resources */ = {isa = PBXBuildFile; fileRef = 844F0E6C276072DA00F26697 /* Main.storyboard */; };
		844F0E70276072DC00F26697 /* Assets.xcassets in Resources */ = {isa = PBXBuildFile; fileRef = 844F0E6F276072DC00F26697 /* Assets.xcassets */; };
		844F0E73276072DC00F26697 /* LaunchScreen.storyboard in Resources */ = {isa = PBXBuildFile; fileRef = 844F0E71276072DC00F26697 /* LaunchScreen.storyboard */; };
		844F0E7E276072DC00F26697 /* AgingPeopleTests.swift in Sources */ = {isa = PBXBuildFile; fileRef = 844F0E7D276072DC00F26697 /* AgingPeopleTests.swift */; };
		844F0E88276072DC00F26697 /* AgingPeopleUITests.swift in Sources */ = {isa = PBXBuildFile; fileRef = 844F0E87276072DC00F26697 /* AgingPeopleUITests.swift */; };
		844F0E8A276072DC00F26697 /* AgingPeopleUITestsLaunchTests.swift in Sources */ = {isa = PBXBuildFile; fileRef = 844F0E89276072DC00F26697 /* AgingPeopleUITestsLaunchTests.swift */; };
		844F0E9827607D8B00F26697 /* TableViewCell.swift in Sources */ = {isa = PBXBuildFile; fileRef = 844F0E9627607D8B00F26697 /* TableViewCell.swift */; };
		844F0E9927607D8B00F26697 /* TableViewCell.xib in Resources */ = {isa = PBXBuildFile; fileRef = 844F0E9727607D8B00F26697 /* TableViewCell.xib */; };
/* End PBXBuildFile section */

/* Begin PBXContainerItemProxy section */
		844F0E7A276072DC00F26697 /* PBXContainerItemProxy */ = {
			isa = PBXContainerItemProxy;
			containerPortal = 844F0E5B276072DA00F26697 /* Project object */;
			proxyType = 1;
			remoteGlobalIDString = 844F0E62276072DA00F26697;
			remoteInfo = AgingPeople;
		};
		844F0E84276072DC00F26697 /* PBXContainerItemProxy */ = {
			isa = PBXContainerItemProxy;
			containerPortal = 844F0E5B276072DA00F26697 /* Project object */;
			proxyType = 1;
			remoteGlobalIDString = 844F0E62276072DA00F26697;
			remoteInfo = AgingPeople;
		};
/* End PBXContainerItemProxy section */

/* Begin PBXFileReference section */
		844F0E63276072DA00F26697 /* AgingPeople.app */ = {isa = PBXFileReference; explicitFileType = wrapper.application; includeInIndex = 0; path = AgingPeople.app; sourceTree = BUILT_PRODUCTS_DIR; };
		844F0E66276072DA00F26697 /* AppDelegate.swift */ = {isa = PBXFileReference; lastKnownFileType = sourcecode.swift; path = AppDelegate.swift; sourceTree = "<group>"; };
		844F0E68276072DA00F26697 /* SceneDelegate.swift */ = {isa = PBXFileReference; lastKnownFileType = sourcecode.swift; path = SceneDelegate.swift; sourceTree = "<group>"; };
		844F0E6A276072DA00F26697 /* ViewController.swift */ = {isa = PBXFileReference; lastKnownFileType = sourcecode.swift; path = ViewController.swift; sourceTree = "<group>"; };
		844F0E6D276072DA00F26697 /* Base */ = {isa = PBXFileReference; lastKnownFileType = file.storyboard; name = Base; path = Base.lproj/Main.storyboard; sourceTree = "<group>"; };
		844F0E6F276072DC00F26697 /* Assets.xcassets */ = {isa = PBXFileReference; lastKnownFileType = folder.assetcatalog; path = Assets.xcassets; sourceTree = "<group>"; };
		844F0E72276072DC00F26697 /* Base */ = {isa = PBXFileReference; lastKnownFileType = file.storyboard; name = Base; path = Base.lproj/LaunchScreen.storyboard; sourceTree = "<group>"; };
		844F0E74276072DC00F26697 /* Info.plist */ = {isa = PBXFileReference; lastKnownFileType = text.plist.xml; path = Info.plist; sourceTree = "<group>"; };
		844F0E79276072DC00F26697 /* AgingPeopleTests.xctest */ = {isa = PBXFileReference; explicitFileType = wrapper.cfbundle; includeInIndex = 0; path = AgingPeopleTests.xctest; sourceTree = BUILT_PRODUCTS_DIR; };
		844F0E7D276072DC00F26697 /* AgingPeopleTests.swift */ = {isa = PBXFileReference; lastKnownFileType = sourcecode.swift; path = AgingPeopleTests.swift; sourceTree = "<group>"; };
		844F0E83276072DC00F26697 /* AgingPeopleUITests.xctest */ = {isa = PBXFileReference; explicitFileType = wrapper.cfbundle; includeInIndex = 0; path = AgingPeopleUITests.xctest; sourceTree = BUILT_PRODUCTS_DIR; };
		844F0E87276072DC00F26697 /* AgingPeopleUITests.swift */ = {isa = PBXFileReference; lastKnownFileType = sourcecode.swift; path = AgingPeopleUITests.swift; sourceTree = "<group>"; };
		844F0E89276072DC00F26697 /* AgingPeopleUITestsLaunchTests.swift */ = {isa = PBXFileReference; lastKnownFileType = sourcecode.swift; path = AgingPeopleUITestsLaunchTests.swift; sourceTree = "<group>"; };
		844F0E9627607D8B00F26697 /* TableViewCell.swift */ = {isa = PBXFileReference; lastKnownFileType = sourcecode.swift; path = TableViewCell.swift; sourceTree = "<group>"; };
		844F0E9727607D8B00F26697 /* TableViewCell.xib */ = {isa = PBXFileReference; lastKnownFileType = file.xib; path = TableViewCell.xib; sourceTree = "<group>"; };
/* End PBXFileReference section */

/* Begin PBXFrameworksBuildPhase section */
		844F0E60276072DA00F26697 /* Frameworks */ = {
			isa = PBXFrameworksBuildPhase;
			buildActionMask = 2147483647;
			files = (
			);
			runOnlyForDeploymentPostprocessing = 0;
		};
		844F0E76276072DC00F26697 /* Frameworks */ = {
			isa = PBXFrameworksBuildPhase;
			buildActionMask = 2147483647;
			files = (
			);
			runOnlyForDeploymentPostprocessing = 0;
		};
		844F0E80276072DC00F26697 /* Frameworks */ = {
			isa = PBXFrameworksBuildPhase;
			buildActionMask = 2147483647;
			files = (
			);
			runOnlyForDeploymentPostprocessing = 0;
		};
/* End PBXFrameworksBuildPhase section */

/* Begin PBXGroup section */
		844F0E5A276072DA00F26697 = {
			isa = PBXGroup;
			children = (
				844F0E65276072DA00F26697 /* AgingPeople */,
				844F0E7C276072DC00F26697 /* AgingPeopleTests */,
				844F0E86276072DC00F26697 /* AgingPeopleUITests */,
				844F0E64276072DA00F26697 /* Products */,
			);
			sourceTree = "<group>";
		};
		844F0E64276072DA00F26697 /* Products */ = {
			isa = PBXGroup;
			children = (
				844F0E63276072DA00F26697 /* AgingPeople.app */,
				844F0E79276072DC00F26697 /* AgingPeopleTests.xctest */,
				844F0E83276072DC00F26697 /* AgingPeopleUITests.xctest */,
			);
			name = Products;
			sourceTree = "<group>";
		};
		844F0E65276072DA00F26697 /* AgingPeople */ = {
			isa = PBXGroup;
			children = (
				844F0E66276072DA00F26697 /* AppDelegate.swift */,
				844F0E68276072DA00F26697 /* SceneDelegate.swift */,
				844F0E6A276072DA00F26697 /* ViewController.swift */,
				844F0E6C276072DA00F26697 /* Main.storyboard */,
				844F0E6F276072DC00F26697 /* Assets.xcassets */,
				844F0E71276072DC00F26697 /* LaunchScreen.storyboard */,
				844F0E74276072DC00F26697 /* Info.plist */,
				844F0E9627607D8B00F26697 /* TableViewCell.swift */,
				844F0E9727607D8B00F26697 /* TableViewCell.xib */,
			);
			path = AgingPeople;
			sourceTree = "<group>";
		};
		844F0E7C276072DC00F26697 /* AgingPeopleTests */ = {
			isa = PBXGroup;
			children = (
				844F0E7D276072DC00F26697 /* AgingPeopleTests.swift */,
			);
			path = AgingPeopleTests;
			sourceTree = "<group>";
		};
		844F0E86276072DC00F26697 /* AgingPeopleUITests */ = {
			isa = PBXGroup;
			children = (
				844F0E87276072DC00F26697 /* AgingPeopleUITests.swift */,
				844F0E89276072DC00F26697 /* AgingPeopleUITestsLaunchTests.swift */,
			);
			path = AgingPeopleUITests;
			sourceTree = "<group>";
		};
/* End PBXGroup section */

/* Begin PBXNativeTarget section */
		844F0E62276072DA00F26697 /* AgingPeople */ = {
			isa = PBXNativeTarget;
			buildConfigurationList = 844F0E8D276072DC00F26697 /* Build configuration list for PBXNativeTarget "AgingPeople" */;
			buildPhases = (
				844F0E5F276072DA00F26697 /* Sources */,
				844F0E60276072DA00F26697 /* Frameworks */,
				844F0E61276072DA00F26697 /* Resources */,
			);
			buildRules = (
			);
			dependencies = (
			);
			name = AgingPeople;
			productName = AgingPeople;
			productReference = 844F0E63276072DA00F26697 /* AgingPeople.app */;
			productType = "com.apple.product-type.application";
		};
		844F0E78276072DC00F26697 /* AgingPeopleTests */ = {
			isa = PBXNativeTarget;
			buildConfigurationList = 844F0E90276072DC00F26697 /* Build configuration list for PBXNativeTarget "AgingPeopleTests" */;
			buildPhases = (
				844F0E75276072DC00F26697 /* Sources */,
				844F0E76276072DC00F26697 /* Frameworks */,
				844F0E77276072DC00F26697 /* Resources */,
			);
			buildRules = (
			);
			dependencies = (
				844F0E7B276072DC00F26697 /* PBXTargetDependency */,
			);
			name = AgingPeopleTests;
			productName = AgingPeopleTests;
			productReference = 844F0E79276072DC00F26697 /* AgingPeopleTests.xctest */;
			productType = "com.apple.product-type.bundle.unit-test";
		};
		844F0E82276072DC00F26697 /* AgingPeopleUITests */ = {
			isa = PBXNativeTarget;
			buildConfigurationList = 844F0E93276072DC00F26697 /* Build configuration list for PBXNativeTarget "AgingPeopleUITests" */;
			buildPhases = (
				844F0E7F276072DC00F26697 /* Sources */,
				844F0E80276072DC00F26697 /* Frameworks */,
				844F0E81276072DC00F26697 /* Resources */,
			);
			buildRules = (
			);
			dependencies = (
				844F0E85276072DC00F26697 /* PBXTargetDependency */,
			);
			name = AgingPeopleUITests;
			productName = AgingPeopleUITests;
			productReference = 844F0E83276072DC00F26697 /* AgingPeopleUITests.xctest */;
			productType = "com.apple.product-type.bundle.ui-testing";
		};
/* End PBXNativeTarget section */

/* Begin PBXProject section */
		844F0E5B276072DA00F26697 /* Project object */ = {
			isa = PBXProject;
			attributes = {
				BuildIndependentTargetsInParallel = 1;
				LastSwiftUpdateCheck = 1300;
				LastUpgradeCheck = 1300;
				TargetAttributes = {
					844F0E62276072DA00F26697 = {
						CreatedOnToolsVersion = 13.0;
					};
					844F0E78276072DC00F26697 = {
						CreatedOnToolsVersion = 13.0;
						TestTargetID = 844F0E62276072DA00F26697;
					};
					844F0E82276072DC00F26697 = {
						CreatedOnToolsVersion = 13.0;
						TestTargetID = 844F0E62276072DA00F26697;
					};
				};
			};
			buildConfigurationList = 844F0E5E276072DA00F26697 /* Build configuration list for PBXProject "AgingPeople" */;
			compatibilityVersion = "Xcode 13.0";
			developmentRegion = en;
			hasScannedForEncodings = 0;
			knownRegions = (
				en,
				Base,
			);
			mainGroup = 844F0E5A276072DA00F26697;
			productRefGroup = 844F0E64276072DA00F26697 /* Products */;
			projectDirPath = "";
			projectRoot = "";
			targets = (
				844F0E62276072DA00F26697 /* AgingPeople */,
				844F0E78276072DC00F26697 /* AgingPeopleTests */,
				844F0E82276072DC00F26697 /* AgingPeopleUITests */,
			);
		};
/* End PBXProject section */

/* Begin PBXResourcesBuildPhase section */
		844F0E61276072DA00F26697 /* Resources */ = {
			isa = PBXResourcesBuildPhase;
			buildActionMask = 2147483647;
			files = (
				844F0E73276072DC00F26697 /* LaunchScreen.storyboard in Resources */,
				844F0E9927607D8B00F26697 /* TableViewCell.xib in Resources */,
				844F0E70276072DC00F26697 /* Assets.xcassets in Resources */,
				844F0E6E276072DA00F26697 /* Main.storyboard in Resources */,
			);
			runOnlyForDeploymentPostprocessing = 0;
		};
		844F0E77276072DC00F26697 /* Resources */ = {
			isa = PBXResourcesBuildPhase;
			buildActionMask = 2147483647;
			files = (
			);
			runOnlyForDeploymentPostprocessing = 0;
		};
		844F0E81276072DC00F26697 /* Resources */ = {
			isa = PBXResourcesBuildPhase;
			buildActionMask = 2147483647;
			files = (
			);
			runOnlyForDeploymentPostprocessing = 0;
		};
/* End PBXResourcesBuildPhase section */

/* Begin PBXSourcesBuildPhase section */
		844F0E5F276072DA00F26697 /* Sources */ = {
			isa = PBXSourcesBuildPhase;
			buildActionMask = 2147483647;
			files = (
				844F0E6B276072DA00F26697 /* ViewController.swift in Sources */,
				844F0E9827607D8B00F26697 /* TableViewCell.swift in Sources */,
				844F0E67276072DA00F26697 /* AppDelegate.swift in Sources */,
				844F0E69276072DA00F26697 /* SceneDelegate.swift in Sources */,
			);
			runOnlyForDeploymentPostprocessing = 0;
		};
		844F0E75276072DC00F26697 /* Sources */ = {
			isa = PBXSourcesBuildPhase;
			buildActionMask = 2147483647;
			files = (
				844F0E7E276072DC00F26697 /* AgingPeopleTests.swift in Sources */,
			);
			runOnlyForDeploymentPostprocessing = 0;
		};
		844F0E7F276072DC00F26697 /* Sources */ = {
			isa = PBXSourcesBuildPhase;
			buildActionMask = 2147483647;
			files = (
				844F0E8A276072DC00F26697 /* AgingPeopleUITestsLaunchTests.swift in Sources */,
				844F0E88276072DC00F26697 /* AgingPeopleUITests.swift in Sources */,
			);
			runOnlyForDeploymentPostprocessing = 0;
		};
/* End PBXSourcesBuildPhase section */

/* Begin PBXTargetDependency section */
		844F0E7B276072DC00F26697 /* PBXTargetDependency */ = {
			isa = PBXTargetDependency;
			target = 844F0E62276072DA00F26697 /* AgingPeople */;
			targetProxy = 844F0E7A276072DC00F26697 /* PBXContainerItemProxy */;
		};
		844F0E85276072DC00F26697 /* PBXTargetDependency */ = {
			isa = PBXTargetDependency;
			target = 844F0E62276072DA00F26697 /* AgingPeople */;
			targetProxy = 844F0E84276072DC00F26697 /* PBXContainerItemProxy */;
		};
/* End PBXTargetDependency section */

/* Begin PBXVariantGroup section */
		844F0E6C276072DA00F26697 /* Main.storyboard */ = {
			isa = PBXVariantGroup;
			children = (
				844F0E6D276072DA00F26697 /* Base */,
			);
			name = Main.storyboard;
			sourceTree = "<group>";
		};
		844F0E71276072DC00F26697 /* LaunchScreen.storyboard */ = {
			isa = PBXVariantGroup;
			children = (
				844F0E72276072DC00F26697 /* Base */,
			);
			name = LaunchScreen.storyboard;
			sourceTree = "<group>";
		};
/* End PBXVariantGroup section */

/* Begin XCBuildConfiguration section */
		844F0E8B276072DC00F26697 /* Debug */ = {
			isa = XCBuildConfiguration;
			buildSettings = {
				ALWAYS_SEARCH_USER_PATHS = NO;
				CLANG_ANALYZER_NONNULL = YES;
				CLANG_ANALYZER_NUMBER_OBJECT_CONVERSION = YES_AGGRESSIVE;
				CLANG_CXX_LANGUAGE_STANDARD = "gnu++17";
				CLANG_CXX_LIBRARY = "libc++";
				CLANG_ENABLE_MODULES = YES;
				CLANG_ENABLE_OBJC_ARC = YES;
				CLANG_ENABLE_OBJC_WEAK = YES;
				CLANG_WARN_BLOCK_CAPTURE_AUTORELEASING = YES;
				CLANG_WARN_BOOL_CONVERSION = YES;
				CLANG_WARN_COMMA = YES;
				CLANG_WARN_CONSTANT_CONVERSION = YES;
				CLANG_WARN_DEPRECATED_OBJC_IMPLEMENTATIONS = YES;
				CLANG_WARN_DIRECT_OBJC_ISA_USAGE = YES_ERROR;
				CLANG_WARN_DOCUMENTATION_COMMENTS = YES;
				CLANG_WARN_EMPTY_BODY = YES;
				CLANG_WARN_ENUM_CONVERSION = YES;
				CLANG_WARN_INFINITE_RECURSION = YES;
				CLANG_WARN_INT_CONVERSION = YES;
				CLANG_WARN_NON_LITERAL_NULL_CONVERSION = YES;
				CLANG_WARN_OBJC_IMPLICIT_RETAIN_SELF = YES;
				CLANG_WARN_OBJC_LITERAL_CONVERSION = YES;
				CLANG_WARN_OBJC_ROOT_CLASS = YES_ERROR;
				CLANG_WARN_QUOTED_INCLUDE_IN_FRAMEWORK_HEADER = YES;
				CLANG_WARN_RANGE_LOOP_ANALYSIS = YES;
				CLANG_WARN_STRICT_PROTOTYPES = YES;
				CLANG_WARN_SUSPICIOUS_MOVE = YES;
				CLANG_WARN_UNGUARDED_AVAILABILITY = YES_AGGRESSIVE;
				CLANG_WARN_UNREACHABLE_CODE = YES;
				CLANG_WARN__DUPLICATE_METHOD_MATCH = YES;
				COPY_PHASE_STRIP = NO;
				DEBUG_INFORMATION_FORMAT = dwarf;
				ENABLE_STRICT_OBJC_MSGSEND = YES;
				ENABLE_TESTABILITY = YES;
				GCC_C_LANGUAGE_STANDARD = gnu11;
				GCC_DYNAMIC_NO_PIC = NO;
				GCC_NO_COMMON_BLOCKS = YES;
				GCC_OPTIMIZATION_LEVEL = 0;
				GCC_PREPROCESSOR_DEFINITIONS = (
					"DEBUG=1",
					"$(inherited)",
				);
				GCC_WARN_64_TO_32_BIT_CONVERSION = YES;
				GCC_WARN_ABOUT_RETURN_TYPE = YES_ERROR;
				GCC_WARN_UNDECLARED_SELECTOR = YES;
				GCC_WARN_UNINITIALIZED_AUTOS = YES_AGGRESSIVE;
				GCC_WARN_UNUSED_FUNCTION = YES;
				GCC_WARN_UNUSED_VARIABLE = YES;
				IPHONEOS_DEPLOYMENT_TARGET = 15.0;
				MTL_ENABLE_DEBUG_INFO = INCLUDE_SOURCE;
				MTL_FAST_MATH = YES;
				ONLY_ACTIVE_ARCH = YES;
				SDKROOT = iphoneos;
				SWIFT_ACTIVE_COMPILATION_CONDITIONS = DEBUG;
				SWIFT_OPTIMIZATION_LEVEL = "-Onone";
			};
			name = Debug;
		};
		844F0E8C276072DC00F26697 /* Release */ = {
			isa = XCBuildConfiguration;
			buildSettings = {
				ALWAYS_SEARCH_USER_PATHS = NO;
				CLANG_ANALYZER_NONNULL = YES;
				CLANG_ANALYZER_NUMBER_OBJECT_CONVERSION = YES_AGGRESSIVE;
				CLANG_CXX_LANGUAGE_STANDARD = "gnu++17";
				CLANG_CXX_LIBRARY = "libc++";
				CLANG_ENABLE_MODULES = YES;
				CLANG_ENABLE_OBJC_ARC = YES;
				CLANG_ENABLE_OBJC_WEAK = YES;
				CLANG_WARN_BLOCK_CAPTURE_AUTORELEASING = YES;
				CLANG_WARN_BOOL_CONVERSION = YES;
				CLANG_WARN_COMMA = YES;
				CLANG_WARN_CONSTANT_CONVERSION = YES;
				CLANG_WARN_DEPRECATED_OBJC_IMPLEMENTATIONS = YES;
				CLANG_WARN_DIRECT_OBJC_ISA_USAGE = YES_ERROR;
				CLANG_WARN_DOCUMENTATION_COMMENTS = YES;
				CLANG_WARN_EMPTY_BODY = YES;
				CLANG_WARN_ENUM_CONVERSION = YES;
				CLANG_WARN_INFINITE_RECURSION = YES;
				CLANG_WARN_INT_CONVERSION = YES;
				CLANG_WARN_NON_LITERAL_NULL_CONVERSION = YES;
				CLANG_WARN_OBJC_IMPLICIT_RETAIN_SELF = YES;
				CLANG_WARN_OBJC_LITERAL_CONVERSION = YES;
				CLANG_WARN_OBJC_ROOT_CLASS = YES_ERROR;
				CLANG_WARN_QUOTED_INCLUDE_IN_FRAMEWORK_HEADER = YES;
				CLANG_WARN_RANGE_LOOP_ANALYSIS = YES;
				CLANG_WARN_STRICT_PROTOTYPES = YES;
				CLANG_WARN_SUSPICIOUS_MOVE = YES;
				CLANG_WARN_UNGUARDED_AVAILABILITY = YES_AGGRESSIVE;
				CLANG_WARN_UNREACHABLE_CODE = YES;
				CLANG_WARN__DUPLICATE_METHOD_MATCH = YES;
				COPY_PHASE_STRIP = NO;
				DEBUG_INFORMATION_FORMAT = "dwarf-with-dsym";
				ENABLE_NS_ASSERTIONS = NO;
				ENABLE_STRICT_OBJC_MSGSEND = YES;
				GCC_C_LANGUAGE_STANDARD = gnu11;
				GCC_NO_COMMON_BLOCKS = YES;
				GCC_WARN_64_TO_32_BIT_CONVERSION = YES;
				GCC_WARN_ABOUT_RETURN_TYPE = YES_ERROR;
				GCC_WARN_UNDECLARED_SELECTOR = YES;
				GCC_WARN_UNINITIALIZED_AUTOS = YES_AGGRESSIVE;
				GCC_WARN_UNUSED_FUNCTION = YES;
				GCC_WARN_UNUSED_VARIABLE = YES;
				IPHONEOS_DEPLOYMENT_TARGET = 15.0;
				MTL_ENABLE_DEBUG_INFO = NO;
				MTL_FAST_MATH = YES;
				SDKROOT = iphoneos;
				SWIFT_COMPILATION_MODE = wholemodule;
				SWIFT_OPTIMIZATION_LEVEL = "-O";
				VALIDATE_PRODUCT = YES;
			};
			name = Release;
		};
		844F0E8E276072DC00F26697 /* Debug */ = {
			isa = XCBuildConfiguration;
			buildSettings = {
				ASSETCATALOG_COMPILER_APPICON_NAME = AppIcon;
				ASSETCATALOG_COMPILER_GLOBAL_ACCENT_COLOR_NAME = AccentColor;
				CODE_SIGN_STYLE = Automatic;
				CURRENT_PROJECT_VERSION = 1;
				GENERATE_INFOPLIST_FILE = YES;
				INFOPLIST_FILE = AgingPeople/Info.plist;
				INFOPLIST_KEY_UIApplicationSupportsIndirectInputEvents = YES;
				INFOPLIST_KEY_UILaunchStoryboardName = LaunchScreen;
				INFOPLIST_KEY_UIMainStoryboardFile = Main;
				INFOPLIST_KEY_UISupportedInterfaceOrientations = "UIInterfaceOrientationPortrait UIInterfaceOrientationLandscapeLeft UIInterfaceOrientationPortraitUpsideDown UIInterfaceOrientationLandscapeRight";
				INFOPLIST_KEY_UISupportedInterfaceOrientations_iPad = "UIInterfaceOrientationPortrait UIInterfaceOrientationPortraitUpsideDown UIInterfaceOrientationLandscapeLeft UIInterfaceOrientationLandscapeRight";
				INFOPLIST_KEY_UISupportedInterfaceOrientations_iPhone = "UIInterfaceOrientationPortrait UIInterfaceOrientationLandscapeLeft UIInterfaceOrientationLandscapeRight";
				LD_RUNPATH_SEARCH_PATHS = (
					"$(inherited)",
					"@executable_path/Frameworks",
				);
				MARKETING_VERSION = 1.0;
				PRODUCT_BUNDLE_IDENTIFIER = "Assignment-iOS-Quiz.AgingPeople";
				PRODUCT_NAME = "$(TARGET_NAME)";
				SWIFT_EMIT_LOC_STRINGS = YES;
				SWIFT_VERSION = 5.0;
				TARGETED_DEVICE_FAMILY = "1,2";
			};
			name = Debug;
		};
		844F0E8F276072DC00F26697 /* Release */ = {
			isa = XCBuildConfiguration;
			buildSettings = {
				ASSETCATALOG_COMPILER_APPICON_NAME = AppIcon;
				ASSETCATALOG_COMPILER_GLOBAL_ACCENT_COLOR_NAME = AccentColor;
				CODE_SIGN_STYLE = Automatic;
				CURRENT_PROJECT_VERSION = 1;
				GENERATE_INFOPLIST_FILE = YES;
				INFOPLIST_FILE = AgingPeople/Info.plist;
				INFOPLIST_KEY_UIApplicationSupportsIndirectInputEvents = YES;
				INFOPLIST_KEY_UILaunchStoryboardName = LaunchScreen;
				INFOPLIST_KEY_UIMainStoryboardFile = Main;
				INFOPLIST_KEY_UISupportedInterfaceOrientations = "UIInterfaceOrientationPortrait UIInterfaceOrientationLandscapeLeft UIInterfaceOrientationPortraitUpsideDown UIInterfaceOrientationLandscapeRight";
				INFOPLIST_KEY_UISupportedInterfaceOrientations_iPad = "UIInterfaceOrientationPortrait UIInterfaceOrientationPortraitUpsideDown UIInterfaceOrientationLandscapeLeft UIInterfaceOrientationLandscapeRight";
				INFOPLIST_KEY_UISupportedInterfaceOrientations_iPhone = "UIInterfaceOrientationPortrait UIInterfaceOrientationLandscapeLeft UIInterfaceOrientationLandscapeRight";
				LD_RUNPATH_SEARCH_PATHS = (
					"$(inherited)",
					"@executable_path/Frameworks",
				);
				MARKETING_VERSION = 1.0;
				PRODUCT_BUNDLE_IDENTIFIER = "Assignment-iOS-Quiz.AgingPeople";
				PRODUCT_NAME = "$(TARGET_NAME)";
				SWIFT_EMIT_LOC_STRINGS = YES;
				SWIFT_VERSION = 5.0;
				TARGETED_DEVICE_FAMILY = "1,2";
			};
			name = Release;
		};
		844F0E91276072DC00F26697 /* Debug */ = {
			isa = XCBuildConfiguration;
			buildSettings = {
				ALWAYS_EMBED_SWIFT_STANDARD_LIBRARIES = YES;
				BUNDLE_LOADER = "$(TEST_HOST)";
				CODE_SIGN_STYLE = Automatic;
				CURRENT_PROJECT_VERSION = 1;
				GENERATE_INFOPLIST_FILE = YES;
				IPHONEOS_DEPLOYMENT_TARGET = 15.0;
				LD_RUNPATH_SEARCH_PATHS = (
					"$(inherited)",
					"@executable_path/Frameworks",
					"@loader_path/Frameworks",
				);
				MARKETING_VERSION = 1.0;
				PRODUCT_BUNDLE_IDENTIFIER = "Assignment-iOS-Quiz.AgingPeopleTests";
				PRODUCT_NAME = "$(TARGET_NAME)";
				SWIFT_EMIT_LOC_STRINGS = NO;
				SWIFT_VERSION = 5.0;
				TARGETED_DEVICE_FAMILY = "1,2";
				TEST_HOST = "$(BUILT_PRODUCTS_DIR)/AgingPeople.app/AgingPeople";
			};
			name = Debug;
		};
		844F0E92276072DC00F26697 /* Release */ = {
			isa = XCBuildConfiguration;
			buildSettings = {
				ALWAYS_EMBED_SWIFT_STANDARD_LIBRARIES = YES;
				BUNDLE_LOADER = "$(TEST_HOST)";
				CODE_SIGN_STYLE = Automatic;
				CURRENT_PROJECT_VERSION = 1;
				GENERATE_INFOPLIST_FILE = YES;
				IPHONEOS_DEPLOYMENT_TARGET = 15.0;
				LD_RUNPATH_SEARCH_PATHS = (
					"$(inherited)",
					"@executable_path/Frameworks",
					"@loader_path/Frameworks",
				);
				MARKETING_VERSION = 1.0;
				PRODUCT_BUNDLE_IDENTIFIER = "Assignment-iOS-Quiz.AgingPeopleTests";
				PRODUCT_NAME = "$(TARGET_NAME)";
				SWIFT_EMIT_LOC_STRINGS = NO;
				SWIFT_VERSION = 5.0;
				TARGETED_DEVICE_FAMILY = "1,2";
				TEST_HOST = "$(BUILT_PRODUCTS_DIR)/AgingPeople.app/AgingPeople";
			};
			name = Release;
		};
		844F0E94276072DC00F26697 /* Debug */ = {
			isa = XCBuildConfiguration;
			buildSettings = {
				ALWAYS_EMBED_SWIFT_STANDARD_LIBRARIES = YES;
				CODE_SIGN_STYLE = Automatic;
				CURRENT_PROJECT_VERSION = 1;
				GENERATE_INFOPLIST_FILE = YES;
				LD_RUNPATH_SEARCH_PATHS = (
					"$(inherited)",
					"@executable_path/Frameworks",
					"@loader_path/Frameworks",
				);
				MARKETING_VERSION = 1.0;
				PRODUCT_BUNDLE_IDENTIFIER = "Assignment-iOS-Quiz.AgingPeopleUITests";
				PRODUCT_NAME = "$(TARGET_NAME)";
				SWIFT_EMIT_LOC_STRINGS = NO;
				SWIFT_VERSION = 5.0;
				TARGETED_DEVICE_FAMILY = "1,2";
				TEST_TARGET_NAME = AgingPeople;
			};
			name = Debug;
		};
		844F0E95276072DC00F26697 /* Release */ = {
			isa = XCBuildConfiguration;
			buildSettings = {
				ALWAYS_EMBED_SWIFT_STANDARD_LIBRARIES = YES;
				CODE_SIGN_STYLE = Automatic;
				CURRENT_PROJECT_VERSION = 1;
				GENERATE_INFOPLIST_FILE = YES;
				LD_RUNPATH_SEARCH_PATHS = (
					"$(inherited)",
					"@executable_path/Frameworks",
					"@loader_path/Frameworks",
				);
				MARKETING_VERSION = 1.0;
				PRODUCT_BUNDLE_IDENTIFIER = "Assignment-iOS-Quiz.AgingPeopleUITests";
				PRODUCT_NAME = "$(TARGET_NAME)";
				SWIFT_EMIT_LOC_STRINGS = NO;
				SWIFT_VERSION = 5.0;
				TARGETED_DEVICE_FAMILY = "1,2";
				TEST_TARGET_NAME = AgingPeople;
			};
			name = Release;
		};
/* End XCBuildConfiguration section */

/* Begin XCConfigurationList section */
		844F0E5E276072DA00F26697 /* Build configuration list for PBXProject "AgingPeople" */ = {
			isa = XCConfigurationList;
			buildConfigurations = (
				844F0E8B276072DC00F26697 /* Debug */,
				844F0E8C276072DC00F26697 /* Release */,
			);
			defaultConfigurationIsVisible = 0;
			defaultConfigurationName = Release;
		};
		844F0E8D276072DC00F26697 /* Build configuration list for PBXNativeTarget "AgingPeople" */ = {
			isa = XCConfigurationList;
			buildConfigurations = (
				844F0E8E276072DC00F26697 /* Debug */,
				844F0E8F276072DC00F26697 /* Release */,
			);
			defaultConfigurationIsVisible = 0;
			defaultConfigurationName = Release;
		};
		844F0E90276072DC00F26697 /* Build configuration list for PBXNativeTarget "AgingPeopleTests" */ = {
			isa = XCConfigurationList;
			buildConfigurations = (
				844F0E91276072DC00F26697 /* Debug */,
				844F0E92276072DC00F26697 /* Release */,
			);
			defaultConfigurationIsVisible = 0;
			defaultConfigurationName = Release;
		};
		844F0E93276072DC00F26697 /* Build configuration list for PBXNativeTarget "AgingPeopleUITests" */ = {
			isa = XCConfigurationList;
			buildConfigurations = (
				844F0E94276072DC00F26697 /* Debug */,
				844F0E95276072DC00F26697 /* Release */,
			);
			defaultConfigurationIsVisible = 0;
			defaultConfigurationName = Release;
		};
/* End XCConfigurationList section */
	};
	rootObject = 844F0E5B276072DA00F26697 /* Project object */;
}
